
Microsoft Visual Studio Solution File, Format Version 12.00
# Visual Studio Version 17
VisualStudioVersion = 17.7.34031.279
MinimumVisualStudioVersion = 10.0.40219.1
Project("{FAE04EC0-301F-11D3-BF4B-00C04F79EFBC}") = "class-object-day2-homework", "class-object-day2-homework.csproj", "{294805BA-D5C0-40BB-A322-5D31E8704E15}"
EndProject
Global
	GlobalSection(SolutionConfigurationPlatforms) = preSolution
		Debug|Any CPU = Debug|Any CPU
		Release|Any CPU = Release|Any CPU
	EndGlobalSection
	GlobalSection(ProjectConfigurationPlatforms) = postSolution
		{294805BA-D5C0-40BB-A322-5D31E8704E15}.Debug|Any CPU.ActiveCfg = Debug|Any CPU
		{294805BA-D5C0-40BB-A322-5D31E8704E15}.Debug|Any CPU.Build.0 = Debug|Any CPU
		{294805BA-D5C0-40BB-A322-5D31E8704E15}.Release|Any CPU.ActiveCfg = Release|Any CPU
		{294805BA-D5C0-40BB-A322-5D31E8704E15}.Release|Any CPU.Build.0 = Release|Any CPU
	EndGlobalSection
	GlobalSection(SolutionProperties) = preSolution
		HideSolutionNode = FALSE
	EndGlobalSection
	GlobalSection(ExtensibilityGlobals) = postSolution
		SolutionGuid = {5FCF1A30-DC70-4AAF-9FC9-0FF4268EFF3A}
	EndGlobalSection
EndGlobal
