
Microsoft Visual Studio Solution File, Format Version 12.00
# Visual Studio Version 17
VisualStudioVersion = 17.7.34031.279
MinimumVisualStudioVersion = 10.0.40219.1
Project("{FAE04EC0-301F-11D3-BF4B-00C04F79EFBC}") = "ILS", "ILS.csproj", "{CAE4F1E9-2811-4D60-812C-7192793AAC51}"
EndProject
Global
	GlobalSection(SolutionConfigurationPlatforms) = preSolution
		Debug|Any CPU = Debug|Any CPU
		Release|Any CPU = Release|Any CPU
	EndGlobalSection
	GlobalSection(ProjectConfigurationPlatforms) = postSolution
		{CAE4F1E9-2811-4D60-812C-7192793AAC51}.Debug|Any CPU.ActiveCfg = Debug|Any CPU
		{CAE4F1E9-2811-4D60-812C-7192793AAC51}.Debug|Any CPU.Build.0 = Debug|Any CPU
		{CAE4F1E9-2811-4D60-812C-7192793AAC51}.Release|Any CPU.ActiveCfg = Release|Any CPU
		{CAE4F1E9-2811-4D60-812C-7192793AAC51}.Release|Any CPU.Build.0 = Release|Any CPU
	EndGlobalSection
	GlobalSection(SolutionProperties) = preSolution
		HideSolutionNode = FALSE
	EndGlobalSection
	GlobalSection(ExtensibilityGlobals) = postSolution
		SolutionGuid = {F92CE94F-A0AB-4E54-B434-394CE1406F20}
	EndGlobalSection
EndGlobal
